// !$*UTF8*$!
{
	archiveVersion = 1;
	classes = {
	};
	objectVersion = 46;
	objects = {

/* Begin PBXBuildFile section */
		6C46687319EC0B3C006E2A5C /* boards.png in Resources */ = {isa = PBXBuildFile; fileRef = 6C46686F19EC0B3C006E2A5C /* boards.png */; };
		6C46687519EC0B3C006E2A5C /* popular.png in Resources */ = {isa = PBXBuildFile; fileRef = 6C46687119EC0B3C006E2A5C /* popular.png */; };
		6C46687619EC0B3C006E2A5C /* profile.png in Resources */ = {isa = PBXBuildFile; fileRef = 6C46687219EC0B3C006E2A5C /* profile.png */; };
		6C46687E19EC13A3006E2A5C /* boards@2x.png in Resources */ = {isa = PBXBuildFile; fileRef = 6C46687919EC13A3006E2A5C /* boards@2x.png */; };
		6C46687F19EC13A3006E2A5C /* popular@2x.png in Resources */ = {isa = PBXBuildFile; fileRef = 6C46687A19EC13A3006E2A5C /* popular@2x.png */; };
		6C46688019EC13A3006E2A5C /* profile@2x.png in Resources */ = {isa = PBXBuildFile; fileRef = 6C46687B19EC13A3006E2A5C /* profile@2x.png */; };
		6C46688119EC13A3006E2A5C /* settings.png in Resources */ = {isa = PBXBuildFile; fileRef = 6C46687C19EC13A3006E2A5C /* settings.png */; };
		6C46688219EC13A3006E2A5C /* settings@2x.png in Resources */ = {isa = PBXBuildFile; fileRef = 6C46687D19EC13A3006E2A5C /* settings@2x.png */; };
		6C4E5FB519F67F5600BB909F /* SettingsViewController.m in Sources */ = {isa = PBXBuildFile; fileRef = 6C4E5FB419F67F5600BB909F /* SettingsViewController.m */; };
		6CEAAC8619E942C600C29CA4 /* LoginViewController.m in Sources */ = {isa = PBXBuildFile; fileRef = 6CEAAC8419E942C600C29CA4 /* LoginViewController.m */; };
		6CEAAC8719E942C600C29CA4 /* LoginViewController.xib in Resources */ = {isa = PBXBuildFile; fileRef = 6CEAAC8519E942C600C29CA4 /* LoginViewController.xib */; };
		6CEAAC8A19EA82C600C29CA4 /* ProfileViewController.m in Sources */ = {isa = PBXBuildFile; fileRef = 6CEAAC8919EA82C600C29CA4 /* ProfileViewController.m */; };
		E83179461537BF9900A219E4 /* WebViewController.m in Sources */ = {isa = PBXBuildFile; fileRef = E83179451537BF9900A219E4 /* WebViewController.m */; };
		E831794A1537EFF000A219E4 /* AttachmentsViewController.m in Sources */ = {isa = PBXBuildFile; fileRef = E83179491537EFF000A219E4 /* AttachmentsViewController.m */; };
		E843C4261508E3F800A83C22 /* BBSBoardListExplorer.m in Sources */ = {isa = PBXBuildFile; fileRef = E843C4251508E3F800A83C22 /* BBSBoardListExplorer.m */; };
		E843C454150A777900A83C22 /* BBSPopularReader.m in Sources */ = {isa = PBXBuildFile; fileRef = E843C453150A777800A83C22 /* BBSPopularReader.m */; };
		E843C457150A790900A83C22 /* TopicViewController.m in Sources */ = {isa = PBXBuildFile; fileRef = E843C456150A790800A83C22 /* TopicViewController.m */; };
		E86D644D15162FFB0001DA10 /* QuartzCore.framework in Frameworks */ = {isa = PBXBuildFile; fileRef = E86D644C15162FFB0001DA10 /* QuartzCore.framework */; };
		E86D93BC15273C720037F06D /* BBSFavouritesManager.m in Sources */ = {isa = PBXBuildFile; fileRef = E86D93BB15273C720037F06D /* BBSFavouritesManager.m */; };
		E88A6E4C1507760600EED88D /* UIKit.framework in Frameworks */ = {isa = PBXBuildFile; fileRef = E88A6E4B1507760600EED88D /* UIKit.framework */; };
		E88A6E4E1507760600EED88D /* Foundation.framework in Frameworks */ = {isa = PBXBuildFile; fileRef = E88A6E4D1507760600EED88D /* Foundation.framework */; };
		E88A6E501507760600EED88D /* CoreGraphics.framework in Frameworks */ = {isa = PBXBuildFile; fileRef = E88A6E4F1507760600EED88D /* CoreGraphics.framework */; };
		E88A6E561507760600EED88D /* InfoPlist.strings in Resources */ = {isa = PBXBuildFile; fileRef = E88A6E541507760600EED88D /* InfoPlist.strings */; };
		E88A6E581507760600EED88D /* main.m in Sources */ = {isa = PBXBuildFile; fileRef = E88A6E571507760600EED88D /* main.m */; };
		E88A6E5C1507760600EED88D /* UniBBSAppDelegate.m in Sources */ = {isa = PBXBuildFile; fileRef = E88A6E5B1507760600EED88D /* UniBBSAppDelegate.m */; };
		E88A6E5F1507760600EED88D /* PopularTopicsViewController.m in Sources */ = {isa = PBXBuildFile; fileRef = E88A6E5E1507760600EED88D /* PopularTopicsViewController.m */; };
		E88A6E661507760600EED88D /* BoardListViewController.m in Sources */ = {isa = PBXBuildFile; fileRef = E88A6E651507760600EED88D /* BoardListViewController.m */; };
		E88A6E801507882100EED88D /* PostViewController.m in Sources */ = {isa = PBXBuildFile; fileRef = E88A6E7E1507882100EED88D /* PostViewController.m */; };
		E88A6E851507913F00EED88D /* BoardViewController.m in Sources */ = {isa = PBXBuildFile; fileRef = E88A6E831507913E00EED88D /* BoardViewController.m */; };
		E89AA62E15411E6100506BA4 /* Utility.m in Sources */ = {isa = PBXBuildFile; fileRef = E89AA62D15411E6100506BA4 /* Utility.m */; };
		E8F19F58150B2577001008B4 /* FavouritesViewController.m in Sources */ = {isa = PBXBuildFile; fileRef = E8F19F57150B2577001008B4 /* FavouritesViewController.m */; };
		E8F19F5F150B544F001008B4 /* BBSTopicReader.m in Sources */ = {isa = PBXBuildFile; fileRef = E8F19F5E150B544F001008B4 /* BBSTopicReader.m */; };
		E8F19F62150B5DB3001008B4 /* BBSPostReader.m in Sources */ = {isa = PBXBuildFile; fileRef = E8F19F61150B5DB3001008B4 /* BBSPostReader.m */; };
		E8F19F7F150BC81F001008B4 /* BBSBoardReader.m in Sources */ = {isa = PBXBuildFile; fileRef = E8F19F7E150BC81E001008B4 /* BBSBoardReader.m */; };
		EAD105B3B0FEFD6C256D6A5B /* libPods.a in Frameworks */ = {isa = PBXBuildFile; fileRef = 5D57E3888AA1D894B2FC3690 /* libPods.a */; };
		F7062E6019E6CCEC00F61328 /* libxml2.2.dylib in Frameworks */ = {isa = PBXBuildFile; fileRef = F7062E5F19E6CCEC00F61328 /* libxml2.2.dylib */; };
		F7062E6619E6CE2C00F61328 /* BDWMAlertMessage.m in Sources */ = {isa = PBXBuildFile; fileRef = F7062E6219E6CE2C00F61328 /* BDWMAlertMessage.m */; };
		F7062E6719E6CE2C00F61328 /* BDWMString.m in Sources */ = {isa = PBXBuildFile; fileRef = F7062E6519E6CE2C00F61328 /* BDWMString.m */; };
		F7062E7019E6D19800F61328 /* TFHpple.m in Sources */ = {isa = PBXBuildFile; fileRef = F7062E6B19E6D19800F61328 /* TFHpple.m */; };
		F7062E7119E6D19800F61328 /* TFHppleElement.m in Sources */ = {isa = PBXBuildFile; fileRef = F7062E6D19E6D19800F61328 /* TFHppleElement.m */; };
		F7062E7219E6D19800F61328 /* XPathQuery.m in Sources */ = {isa = PBXBuildFile; fileRef = F7062E6F19E6D19800F61328 /* XPathQuery.m */; };
		F72939AC19EAA21800EA68ED /* MailListViewController.m in Sources */ = {isa = PBXBuildFile; fileRef = F72939AB19EAA21800EA68ED /* MailListViewController.m */; };
		F72939B319EAB57A00EA68ED /* MailModel.m in Sources */ = {isa = PBXBuildFile; fileRef = F72939B219EAB57A00EA68ED /* MailModel.m */; };
		F72939B719EAC8A500EA68ED /* MailViewController.m in Sources */ = {isa = PBXBuildFile; fileRef = F72939B519EAC8A500EA68ED /* MailViewController.m */; };
		F72939B819EAC8A500EA68ED /* MailViewController.xib in Resources */ = {isa = PBXBuildFile; fileRef = F72939B619EAC8A500EA68ED /* MailViewController.xib */; };
		F785A81419E97F580001FB65 /* AFAppDotNetAPIClient.m in Sources */ = {isa = PBXBuildFile; fileRef = F785A81119E97F580001FB65 /* AFAppDotNetAPIClient.m */; };
		F785A81519E97F580001FB65 /* BDWMUserModel.m in Sources */ = {isa = PBXBuildFile; fileRef = F785A81319E97F580001FB65 /* BDWMUserModel.m */; };
		F785A81919E983140001FB65 /* UserInfoViewController.m in Sources */ = {isa = PBXBuildFile; fileRef = F785A81719E983140001FB65 /* UserInfoViewController.m */; };
		F785A81A19E983140001FB65 /* UserInfoViewController.xib in Resources */ = {isa = PBXBuildFile; fileRef = F785A81819E983140001FB65 /* UserInfoViewController.xib */; };
		F785A82119EA16C90001FB65 /* WritingMailViewController.m in Sources */ = {isa = PBXBuildFile; fileRef = F785A81F19EA16C90001FB65 /* WritingMailViewController.m */; };
		F785A82219EA16C90001FB65 /* WritingMailViewController.xib in Resources */ = {isa = PBXBuildFile; fileRef = F785A82019EA16C90001FB65 /* WritingMailViewController.xib */; };
		F785A83019EA2A240001FB65 /* WritingViewController.m in Sources */ = {isa = PBXBuildFile; fileRef = F785A82E19EA2A240001FB65 /* WritingViewController.m */; };
		F785A83119EA2A240001FB65 /* WritingViewController.xib in Resources */ = {isa = PBXBuildFile; fileRef = F785A82F19EA2A240001FB65 /* WritingViewController.xib */; };
		F785A83419EA2C190001FB65 /* BDWMTopicModel.m in Sources */ = {isa = PBXBuildFile; fileRef = F785A83319EA2C190001FB65 /* BDWMTopicModel.m */; };
		F785A83919EA2C650001FB65 /* BDWMPosting.m in Sources */ = {isa = PBXBuildFile; fileRef = F785A83619EA2C650001FB65 /* BDWMPosting.m */; };
		F785A83A19EA2C650001FB65 /* BDWMTopic.m in Sources */ = {isa = PBXBuildFile; fileRef = F785A83819EA2C650001FB65 /* BDWMTopic.m */; };
		F791CDB019FCF0F600531CF0 /* MessageUI.framework in Frameworks */ = {isa = PBXBuildFile; fileRef = F791CDAF19FCF0F600531CF0 /* MessageUI.framework */; };
		F7E6D7B119F3B7B300EB5AC2 /* SettingModel.m in Sources */ = {isa = PBXBuildFile; fileRef = F7E6D7B019F3B7B300EB5AC2 /* SettingModel.m */; };
		F7E6D7B819F558E600EB5AC2 /* Images.xcassets in Resources */ = {isa = PBXBuildFile; fileRef = F7E6D7B719F558E600EB5AC2 /* Images.xcassets */; };
/* End PBXBuildFile section */

/* Begin PBXFileReference section */
		5D57E3888AA1D894B2FC3690 /* libPods.a */ = {isa = PBXFileReference; explicitFileType = archive.ar; includeInIndex = 0; path = libPods.a; sourceTree = BUILT_PRODUCTS_DIR; };
		6C46686F19EC0B3C006E2A5C /* boards.png */ = {isa = PBXFileReference; lastKnownFileType = image.png; path = boards.png; sourceTree = "<group>"; };
		6C46687119EC0B3C006E2A5C /* popular.png */ = {isa = PBXFileReference; lastKnownFileType = image.png; path = popular.png; sourceTree = "<group>"; };
		6C46687219EC0B3C006E2A5C /* profile.png */ = {isa = PBXFileReference; lastKnownFileType = image.png; path = profile.png; sourceTree = "<group>"; };
		6C46687919EC13A3006E2A5C /* boards@2x.png */ = {isa = PBXFileReference; lastKnownFileType = image.png; path = "boards@2x.png"; sourceTree = "<group>"; };
		6C46687A19EC13A3006E2A5C /* popular@2x.png */ = {isa = PBXFileReference; lastKnownFileType = image.png; path = "popular@2x.png"; sourceTree = "<group>"; };
		6C46687B19EC13A3006E2A5C /* profile@2x.png */ = {isa = PBXFileReference; lastKnownFileType = image.png; path = "profile@2x.png"; sourceTree = "<group>"; };
		6C46687C19EC13A3006E2A5C /* settings.png */ = {isa = PBXFileReference; lastKnownFileType = image.png; path = settings.png; sourceTree = "<group>"; };
		6C46687D19EC13A3006E2A5C /* settings@2x.png */ = {isa = PBXFileReference; lastKnownFileType = image.png; path = "settings@2x.png"; sourceTree = "<group>"; };
		6C4E5FB319F67F5600BB909F /* SettingsViewController.h */ = {isa = PBXFileReference; fileEncoding = 4; lastKnownFileType = sourcecode.c.h; path = SettingsViewController.h; sourceTree = "<group>"; };
		6C4E5FB419F67F5600BB909F /* SettingsViewController.m */ = {isa = PBXFileReference; fileEncoding = 4; lastKnownFileType = sourcecode.c.objc; path = SettingsViewController.m; sourceTree = "<group>"; };
		6CEAAC8319E942C600C29CA4 /* LoginViewController.h */ = {isa = PBXFileReference; fileEncoding = 4; lastKnownFileType = sourcecode.c.h; path = LoginViewController.h; sourceTree = "<group>"; };
		6CEAAC8419E942C600C29CA4 /* LoginViewController.m */ = {isa = PBXFileReference; fileEncoding = 4; lastKnownFileType = sourcecode.c.objc; path = LoginViewController.m; sourceTree = "<group>"; };
		6CEAAC8519E942C600C29CA4 /* LoginViewController.xib */ = {isa = PBXFileReference; fileEncoding = 4; lastKnownFileType = file.xib; path = LoginViewController.xib; sourceTree = "<group>"; };
		6CEAAC8819EA82C600C29CA4 /* ProfileViewController.h */ = {isa = PBXFileReference; fileEncoding = 4; lastKnownFileType = sourcecode.c.h; path = ProfileViewController.h; sourceTree = "<group>"; };
		6CEAAC8919EA82C600C29CA4 /* ProfileViewController.m */ = {isa = PBXFileReference; fileEncoding = 4; lastKnownFileType = sourcecode.c.objc; path = ProfileViewController.m; sourceTree = "<group>"; };
		719A31F362C4F2C25201F727 /* Pods.debug.xcconfig */ = {isa = PBXFileReference; includeInIndex = 1; lastKnownFileType = text.xcconfig; name = Pods.debug.xcconfig; path = "Pods/Target Support Files/Pods/Pods.debug.xcconfig"; sourceTree = "<group>"; };
		B79CD6A25DDCA0A1365EC6E0 /* Pods.release.xcconfig */ = {isa = PBXFileReference; includeInIndex = 1; lastKnownFileType = text.xcconfig; name = Pods.release.xcconfig; path = "Pods/Target Support Files/Pods/Pods.release.xcconfig"; sourceTree = "<group>"; };
		E83179441537BF9900A219E4 /* WebViewController.h */ = {isa = PBXFileReference; fileEncoding = 4; lastKnownFileType = sourcecode.c.h; path = WebViewController.h; sourceTree = "<group>"; };
		E83179451537BF9900A219E4 /* WebViewController.m */ = {isa = PBXFileReference; fileEncoding = 4; lastKnownFileType = sourcecode.c.objc; path = WebViewController.m; sourceTree = "<group>"; };
		E83179481537EFF000A219E4 /* AttachmentsViewController.h */ = {isa = PBXFileReference; fileEncoding = 4; lastKnownFileType = sourcecode.c.h; path = AttachmentsViewController.h; sourceTree = "<group>"; };
		E83179491537EFF000A219E4 /* AttachmentsViewController.m */ = {isa = PBXFileReference; fileEncoding = 4; lastKnownFileType = sourcecode.c.objc; path = AttachmentsViewController.m; sourceTree = "<group>"; };
		E843C4241508E3F700A83C22 /* BBSBoardListExplorer.h */ = {isa = PBXFileReference; fileEncoding = 4; lastKnownFileType = sourcecode.c.h; path = BBSBoardListExplorer.h; sourceTree = "<group>"; };
		E843C4251508E3F800A83C22 /* BBSBoardListExplorer.m */ = {isa = PBXFileReference; fileEncoding = 4; lastKnownFileType = sourcecode.c.objc; path = BBSBoardListExplorer.m; sourceTree = "<group>"; };
		E843C452150A777800A83C22 /* BBSPopularReader.h */ = {isa = PBXFileReference; fileEncoding = 4; lastKnownFileType = sourcecode.c.h; path = BBSPopularReader.h; sourceTree = "<group>"; };
		E843C453150A777800A83C22 /* BBSPopularReader.m */ = {isa = PBXFileReference; fileEncoding = 4; lastKnownFileType = sourcecode.c.objc; path = BBSPopularReader.m; sourceTree = "<group>"; };
		E843C455150A790800A83C22 /* TopicViewController.h */ = {isa = PBXFileReference; fileEncoding = 4; lastKnownFileType = sourcecode.c.h; path = TopicViewController.h; sourceTree = "<group>"; };
		E843C456150A790800A83C22 /* TopicViewController.m */ = {isa = PBXFileReference; fileEncoding = 4; lastKnownFileType = sourcecode.c.objc; path = TopicViewController.m; sourceTree = "<group>"; };
		E86D644C15162FFB0001DA10 /* QuartzCore.framework */ = {isa = PBXFileReference; lastKnownFileType = wrapper.framework; name = QuartzCore.framework; path = System/Library/Frameworks/QuartzCore.framework; sourceTree = SDKROOT; };
		E86D93BA15273C720037F06D /* BBSFavouritesManager.h */ = {isa = PBXFileReference; fileEncoding = 4; lastKnownFileType = sourcecode.c.h; path = BBSFavouritesManager.h; sourceTree = "<group>"; };
		E86D93BB15273C720037F06D /* BBSFavouritesManager.m */ = {isa = PBXFileReference; fileEncoding = 4; lastKnownFileType = sourcecode.c.objc; path = BBSFavouritesManager.m; sourceTree = "<group>"; };
		E88A6E471507760600EED88D /* WMBBS.app */ = {isa = PBXFileReference; explicitFileType = wrapper.application; includeInIndex = 0; path = WMBBS.app; sourceTree = BUILT_PRODUCTS_DIR; };
		E88A6E4B1507760600EED88D /* UIKit.framework */ = {isa = PBXFileReference; lastKnownFileType = wrapper.framework; name = UIKit.framework; path = System/Library/Frameworks/UIKit.framework; sourceTree = SDKROOT; };
		E88A6E4D1507760600EED88D /* Foundation.framework */ = {isa = PBXFileReference; lastKnownFileType = wrapper.framework; name = Foundation.framework; path = System/Library/Frameworks/Foundation.framework; sourceTree = SDKROOT; };
		E88A6E4F1507760600EED88D /* CoreGraphics.framework */ = {isa = PBXFileReference; lastKnownFileType = wrapper.framework; name = CoreGraphics.framework; path = System/Library/Frameworks/CoreGraphics.framework; sourceTree = SDKROOT; };
		E88A6E531507760600EED88D /* UniBBS-Info.plist */ = {isa = PBXFileReference; lastKnownFileType = text.plist.xml; path = "UniBBS-Info.plist"; sourceTree = "<group>"; };
		E88A6E551507760600EED88D /* en */ = {isa = PBXFileReference; lastKnownFileType = text.plist.strings; name = en; path = en.lproj/InfoPlist.strings; sourceTree = "<group>"; };
		E88A6E571507760600EED88D /* main.m */ = {isa = PBXFileReference; lastKnownFileType = sourcecode.c.objc; path = main.m; sourceTree = "<group>"; };
		E88A6E591507760600EED88D /* UniBBS-Prefix.pch */ = {isa = PBXFileReference; lastKnownFileType = sourcecode.c.h; path = "UniBBS-Prefix.pch"; sourceTree = "<group>"; };
		E88A6E5A1507760600EED88D /* UniBBSAppDelegate.h */ = {isa = PBXFileReference; lastKnownFileType = sourcecode.c.h; path = UniBBSAppDelegate.h; sourceTree = "<group>"; };
		E88A6E5B1507760600EED88D /* UniBBSAppDelegate.m */ = {isa = PBXFileReference; lastKnownFileType = sourcecode.c.objc; path = UniBBSAppDelegate.m; sourceTree = "<group>"; };
		E88A6E5D1507760600EED88D /* PopularTopicsViewController.h */ = {isa = PBXFileReference; lastKnownFileType = sourcecode.c.h; path = PopularTopicsViewController.h; sourceTree = "<group>"; };
		E88A6E5E1507760600EED88D /* PopularTopicsViewController.m */ = {isa = PBXFileReference; lastKnownFileType = sourcecode.c.objc; path = PopularTopicsViewController.m; sourceTree = "<group>"; };
		E88A6E641507760600EED88D /* BoardListViewController.h */ = {isa = PBXFileReference; lastKnownFileType = sourcecode.c.h; path = BoardListViewController.h; sourceTree = "<group>"; };
		E88A6E651507760600EED88D /* BoardListViewController.m */ = {isa = PBXFileReference; lastKnownFileType = sourcecode.c.objc; path = BoardListViewController.m; sourceTree = "<group>"; };
		E88A6E7D1507882100EED88D /* PostViewController.h */ = {isa = PBXFileReference; fileEncoding = 4; lastKnownFileType = sourcecode.c.h; path = PostViewController.h; sourceTree = "<group>"; };
		E88A6E7E1507882100EED88D /* PostViewController.m */ = {isa = PBXFileReference; fileEncoding = 4; lastKnownFileType = sourcecode.c.objc; path = PostViewController.m; sourceTree = "<group>"; };
		E88A6E821507913E00EED88D /* BoardViewController.h */ = {isa = PBXFileReference; fileEncoding = 4; lastKnownFileType = sourcecode.c.h; path = BoardViewController.h; sourceTree = "<group>"; };
		E88A6E831507913E00EED88D /* BoardViewController.m */ = {isa = PBXFileReference; fileEncoding = 4; lastKnownFileType = sourcecode.c.objc; path = BoardViewController.m; sourceTree = "<group>"; };
		E89AA62C15411E6100506BA4 /* Utility.h */ = {isa = PBXFileReference; fileEncoding = 4; lastKnownFileType = sourcecode.c.h; path = Utility.h; sourceTree = "<group>"; };
		E89AA62D15411E6100506BA4 /* Utility.m */ = {isa = PBXFileReference; fileEncoding = 4; lastKnownFileType = sourcecode.c.objc; path = Utility.m; sourceTree = "<group>"; };
		E8F19F56150B2577001008B4 /* FavouritesViewController.h */ = {isa = PBXFileReference; fileEncoding = 4; lastKnownFileType = sourcecode.c.h; path = FavouritesViewController.h; sourceTree = "<group>"; };
		E8F19F57150B2577001008B4 /* FavouritesViewController.m */ = {isa = PBXFileReference; fileEncoding = 4; lastKnownFileType = sourcecode.c.objc; path = FavouritesViewController.m; sourceTree = "<group>"; };
		E8F19F5D150B544F001008B4 /* BBSTopicReader.h */ = {isa = PBXFileReference; fileEncoding = 4; lastKnownFileType = sourcecode.c.h; path = BBSTopicReader.h; sourceTree = "<group>"; };
		E8F19F5E150B544F001008B4 /* BBSTopicReader.m */ = {isa = PBXFileReference; fileEncoding = 4; lastKnownFileType = sourcecode.c.objc; path = BBSTopicReader.m; sourceTree = "<group>"; };
		E8F19F60150B5DB2001008B4 /* BBSPostReader.h */ = {isa = PBXFileReference; fileEncoding = 4; lastKnownFileType = sourcecode.c.h; path = BBSPostReader.h; sourceTree = "<group>"; };
		E8F19F61150B5DB3001008B4 /* BBSPostReader.m */ = {isa = PBXFileReference; fileEncoding = 4; lastKnownFileType = sourcecode.c.objc; path = BBSPostReader.m; sourceTree = "<group>"; };
		E8F19F7D150BC81E001008B4 /* BBSBoardReader.h */ = {isa = PBXFileReference; fileEncoding = 4; lastKnownFileType = sourcecode.c.h; path = BBSBoardReader.h; sourceTree = "<group>"; };
		E8F19F7E150BC81E001008B4 /* BBSBoardReader.m */ = {isa = PBXFileReference; fileEncoding = 4; lastKnownFileType = sourcecode.c.objc; path = BBSBoardReader.m; sourceTree = "<group>"; };
		F7062E5F19E6CCEC00F61328 /* libxml2.2.dylib */ = {isa = PBXFileReference; lastKnownFileType = "compiled.mach-o.dylib"; name = libxml2.2.dylib; path = usr/lib/libxml2.2.dylib; sourceTree = SDKROOT; };
		F7062E6119E6CE2C00F61328 /* BDWMAlertMessage.h */ = {isa = PBXFileReference; fileEncoding = 4; lastKnownFileType = sourcecode.c.h; path = BDWMAlertMessage.h; sourceTree = "<group>"; };
		F7062E6219E6CE2C00F61328 /* BDWMAlertMessage.m */ = {isa = PBXFileReference; fileEncoding = 4; lastKnownFileType = sourcecode.c.objc; path = BDWMAlertMessage.m; sourceTree = "<group>"; };
		F7062E6319E6CE2C00F61328 /* BDWMGlobalData.h */ = {isa = PBXFileReference; fileEncoding = 4; lastKnownFileType = sourcecode.c.h; path = BDWMGlobalData.h; sourceTree = "<group>"; };
		F7062E6419E6CE2C00F61328 /* BDWMString.h */ = {isa = PBXFileReference; fileEncoding = 4; lastKnownFileType = sourcecode.c.h; path = BDWMString.h; sourceTree = "<group>"; };
		F7062E6519E6CE2C00F61328 /* BDWMString.m */ = {isa = PBXFileReference; fileEncoding = 4; lastKnownFileType = sourcecode.c.objc; path = BDWMString.m; sourceTree = "<group>"; };
		F7062E6A19E6D19800F61328 /* TFHpple.h */ = {isa = PBXFileReference; fileEncoding = 4; lastKnownFileType = sourcecode.c.h; path = TFHpple.h; sourceTree = "<group>"; };
		F7062E6B19E6D19800F61328 /* TFHpple.m */ = {isa = PBXFileReference; fileEncoding = 4; lastKnownFileType = sourcecode.c.objc; path = TFHpple.m; sourceTree = "<group>"; };
		F7062E6C19E6D19800F61328 /* TFHppleElement.h */ = {isa = PBXFileReference; fileEncoding = 4; lastKnownFileType = sourcecode.c.h; path = TFHppleElement.h; sourceTree = "<group>"; };
		F7062E6D19E6D19800F61328 /* TFHppleElement.m */ = {isa = PBXFileReference; fileEncoding = 4; lastKnownFileType = sourcecode.c.objc; path = TFHppleElement.m; sourceTree = "<group>"; };
		F7062E6E19E6D19800F61328 /* XPathQuery.h */ = {isa = PBXFileReference; fileEncoding = 4; lastKnownFileType = sourcecode.c.h; path = XPathQuery.h; sourceTree = "<group>"; };
		F7062E6F19E6D19800F61328 /* XPathQuery.m */ = {isa = PBXFileReference; fileEncoding = 4; lastKnownFileType = sourcecode.c.objc; path = XPathQuery.m; sourceTree = "<group>"; };
		F72939AA19EAA21800EA68ED /* MailListViewController.h */ = {isa = PBXFileReference; fileEncoding = 4; lastKnownFileType = sourcecode.c.h; path = MailListViewController.h; sourceTree = "<group>"; };
		F72939AB19EAA21800EA68ED /* MailListViewController.m */ = {isa = PBXFileReference; fileEncoding = 4; lastKnownFileType = sourcecode.c.objc; path = MailListViewController.m; sourceTree = "<group>"; };
		F72939B119EAB57A00EA68ED /* MailModel.h */ = {isa = PBXFileReference; fileEncoding = 4; lastKnownFileType = sourcecode.c.h; path = MailModel.h; sourceTree = "<group>"; };
		F72939B219EAB57A00EA68ED /* MailModel.m */ = {isa = PBXFileReference; fileEncoding = 4; lastKnownFileType = sourcecode.c.objc; path = MailModel.m; sourceTree = "<group>"; };
		F72939B419EAC8A500EA68ED /* MailViewController.h */ = {isa = PBXFileReference; fileEncoding = 4; lastKnownFileType = sourcecode.c.h; path = MailViewController.h; sourceTree = "<group>"; };
		F72939B519EAC8A500EA68ED /* MailViewController.m */ = {isa = PBXFileReference; fileEncoding = 4; lastKnownFileType = sourcecode.c.objc; path = MailViewController.m; sourceTree = "<group>"; };
		F72939B619EAC8A500EA68ED /* MailViewController.xib */ = {isa = PBXFileReference; fileEncoding = 4; lastKnownFileType = file.xib; path = MailViewController.xib; sourceTree = "<group>"; };
		F785A81019E97F580001FB65 /* AFAppDotNetAPIClient.h */ = {isa = PBXFileReference; fileEncoding = 4; lastKnownFileType = sourcecode.c.h; path = AFAppDotNetAPIClient.h; sourceTree = "<group>"; };
		F785A81119E97F580001FB65 /* AFAppDotNetAPIClient.m */ = {isa = PBXFileReference; fileEncoding = 4; lastKnownFileType = sourcecode.c.objc; path = AFAppDotNetAPIClient.m; sourceTree = "<group>"; };
		F785A81219E97F580001FB65 /* BDWMUserModel.h */ = {isa = PBXFileReference; fileEncoding = 4; lastKnownFileType = sourcecode.c.h; path = BDWMUserModel.h; sourceTree = "<group>"; };
		F785A81319E97F580001FB65 /* BDWMUserModel.m */ = {isa = PBXFileReference; fileEncoding = 4; lastKnownFileType = sourcecode.c.objc; path = BDWMUserModel.m; sourceTree = "<group>"; };
		F785A81619E983140001FB65 /* UserInfoViewController.h */ = {isa = PBXFileReference; fileEncoding = 4; lastKnownFileType = sourcecode.c.h; path = UserInfoViewController.h; sourceTree = "<group>"; };
		F785A81719E983140001FB65 /* UserInfoViewController.m */ = {isa = PBXFileReference; fileEncoding = 4; lastKnownFileType = sourcecode.c.objc; path = UserInfoViewController.m; sourceTree = "<group>"; };
		F785A81819E983140001FB65 /* UserInfoViewController.xib */ = {isa = PBXFileReference; fileEncoding = 4; lastKnownFileType = file.xib; path = UserInfoViewController.xib; sourceTree = "<group>"; };
		F785A81E19EA16C90001FB65 /* WritingMailViewController.h */ = {isa = PBXFileReference; fileEncoding = 4; lastKnownFileType = sourcecode.c.h; path = WritingMailViewController.h; sourceTree = "<group>"; };
		F785A81F19EA16C90001FB65 /* WritingMailViewController.m */ = {isa = PBXFileReference; fileEncoding = 4; lastKnownFileType = sourcecode.c.objc; path = WritingMailViewController.m; sourceTree = "<group>"; };
		F785A82019EA16C90001FB65 /* WritingMailViewController.xib */ = {isa = PBXFileReference; fileEncoding = 4; lastKnownFileType = file.xib; path = WritingMailViewController.xib; sourceTree = "<group>"; };
		F785A82D19EA2A240001FB65 /* WritingViewController.h */ = {isa = PBXFileReference; fileEncoding = 4; lastKnownFileType = sourcecode.c.h; path = WritingViewController.h; sourceTree = "<group>"; };
		F785A82E19EA2A240001FB65 /* WritingViewController.m */ = {isa = PBXFileReference; fileEncoding = 4; lastKnownFileType = sourcecode.c.objc; path = WritingViewController.m; sourceTree = "<group>"; };
		F785A82F19EA2A240001FB65 /* WritingViewController.xib */ = {isa = PBXFileReference; fileEncoding = 4; lastKnownFileType = file.xib; path = WritingViewController.xib; sourceTree = "<group>"; };
		F785A83219EA2C190001FB65 /* BDWMTopicModel.h */ = {isa = PBXFileReference; fileEncoding = 4; lastKnownFileType = sourcecode.c.h; path = BDWMTopicModel.h; sourceTree = "<group>"; };
		F785A83319EA2C190001FB65 /* BDWMTopicModel.m */ = {isa = PBXFileReference; fileEncoding = 4; lastKnownFileType = sourcecode.c.objc; path = BDWMTopicModel.m; sourceTree = "<group>"; };
		F785A83519EA2C650001FB65 /* BDWMPosting.h */ = {isa = PBXFileReference; fileEncoding = 4; lastKnownFileType = sourcecode.c.h; path = BDWMPosting.h; sourceTree = "<group>"; };
		F785A83619EA2C650001FB65 /* BDWMPosting.m */ = {isa = PBXFileReference; fileEncoding = 4; lastKnownFileType = sourcecode.c.objc; path = BDWMPosting.m; sourceTree = "<group>"; };
		F785A83719EA2C650001FB65 /* BDWMTopic.h */ = {isa = PBXFileReference; fileEncoding = 4; lastKnownFileType = sourcecode.c.h; path = BDWMTopic.h; sourceTree = "<group>"; };
		F785A83819EA2C650001FB65 /* BDWMTopic.m */ = {isa = PBXFileReference; fileEncoding = 4; lastKnownFileType = sourcecode.c.objc; path = BDWMTopic.m; sourceTree = "<group>"; };
		F791CDAF19FCF0F600531CF0 /* MessageUI.framework */ = {isa = PBXFileReference; lastKnownFileType = wrapper.framework; name = MessageUI.framework; path = System/Library/Frameworks/MessageUI.framework; sourceTree = SDKROOT; };
		F7E6D7AF19F3B7B300EB5AC2 /* SettingModel.h */ = {isa = PBXFileReference; fileEncoding = 4; lastKnownFileType = sourcecode.c.h; path = SettingModel.h; sourceTree = "<group>"; };
		F7E6D7B019F3B7B300EB5AC2 /* SettingModel.m */ = {isa = PBXFileReference; fileEncoding = 4; lastKnownFileType = sourcecode.c.objc; path = SettingModel.m; sourceTree = "<group>"; };
		F7E6D7B719F558E600EB5AC2 /* Images.xcassets */ = {isa = PBXFileReference; lastKnownFileType = folder.assetcatalog; path = Images.xcassets; sourceTree = "<group>"; };
/* End PBXFileReference section */

/* Begin PBXFrameworksBuildPhase section */
		E88A6E441507760600EED88D /* Frameworks */ = {
			isa = PBXFrameworksBuildPhase;
			buildActionMask = 2147483647;
			files = (
				F791CDB019FCF0F600531CF0 /* MessageUI.framework in Frameworks */,
				F7062E6019E6CCEC00F61328 /* libxml2.2.dylib in Frameworks */,
				E86D644D15162FFB0001DA10 /* QuartzCore.framework in Frameworks */,
				E88A6E4C1507760600EED88D /* UIKit.framework in Frameworks */,
				E88A6E4E1507760600EED88D /* Foundation.framework in Frameworks */,
				E88A6E501507760600EED88D /* CoreGraphics.framework in Frameworks */,
				EAD105B3B0FEFD6C256D6A5B /* libPods.a in Frameworks */,
			);
			runOnlyForDeploymentPostprocessing = 0;
		};
/* End PBXFrameworksBuildPhase section */

/* Begin PBXGroup section */
		00D01EFBA29105CA4BE67935 /* Pods */ = {
			isa = PBXGroup;
			children = (
				719A31F362C4F2C25201F727 /* Pods.debug.xcconfig */,
				B79CD6A25DDCA0A1365EC6E0 /* Pods.release.xcconfig */,
			);
			name = Pods;
			sourceTree = "<group>";
		};
		E86D93B9152722DD0037F06D /* PostController */ = {
			isa = PBXGroup;
			children = (
				E83179481537EFF000A219E4 /* AttachmentsViewController.h */,
				E83179491537EFF000A219E4 /* AttachmentsViewController.m */,
				E8F19F56150B2577001008B4 /* FavouritesViewController.h */,
				E8F19F57150B2577001008B4 /* FavouritesViewController.m */,
				E88A6E5D1507760600EED88D /* PopularTopicsViewController.h */,
				E88A6E5E1507760600EED88D /* PopularTopicsViewController.m */,
				E88A6E7D1507882100EED88D /* PostViewController.h */,
				E88A6E7E1507882100EED88D /* PostViewController.m */,
				E843C455150A790800A83C22 /* TopicViewController.h */,
				E843C456150A790800A83C22 /* TopicViewController.m */,
				F785A82D19EA2A240001FB65 /* WritingViewController.h */,
				F785A82E19EA2A240001FB65 /* WritingViewController.m */,
				F785A82F19EA2A240001FB65 /* WritingViewController.xib */,
			);
			name = PostController;
			sourceTree = "<group>";
		};
		E88A6E3C1507760500EED88D = {
			isa = PBXGroup;
			children = (
				E88A6E511507760600EED88D /* UniBBS */,
				E88A6E4A1507760600EED88D /* Frameworks */,
				E88A6E481507760600EED88D /* Products */,
				00D01EFBA29105CA4BE67935 /* Pods */,
			);
			sourceTree = "<group>";
		};
		E88A6E481507760600EED88D /* Products */ = {
			isa = PBXGroup;
			children = (
				E88A6E471507760600EED88D /* WMBBS.app */,
			);
			name = Products;
			sourceTree = "<group>";
		};
		E88A6E4A1507760600EED88D /* Frameworks */ = {
			isa = PBXGroup;
			children = (
				F791CDAF19FCF0F600531CF0 /* MessageUI.framework */,
				F7062E5F19E6CCEC00F61328 /* libxml2.2.dylib */,
				E86D644C15162FFB0001DA10 /* QuartzCore.framework */,
				E88A6E4B1507760600EED88D /* UIKit.framework */,
				E88A6E4D1507760600EED88D /* Foundation.framework */,
				E88A6E4F1507760600EED88D /* CoreGraphics.framework */,
				5D57E3888AA1D894B2FC3690 /* libPods.a */,
			);
			name = Frameworks;
			sourceTree = "<group>";
		};
		E88A6E511507760600EED88D /* UniBBS */ = {
			isa = PBXGroup;
			children = (
				F72939B019EAA2E000EA68ED /* SettingController */,
				F72939AF19EAA2B800EA68ED /* BoardController */,
				F72939AE19EAA27F00EA68ED /* MailController */,
				F72939AD19EAA22900EA68ED /* UserController */,
				F785A80F19E97EC70001FB65 /* Model */,
				F7062E6819E6CE4100F61328 /* Utils */,
				E8FE83A915247F5200CC112D /* BBSReaderModel */,
				E86D93B9152722DD0037F06D /* PostController */,
				E8E5BD7015735062004BE6F9 /* Resources */,
				E88A6E521507760600EED88D /* Supporting Files */,
				E88A6E5A1507760600EED88D /* UniBBSAppDelegate.h */,
				E88A6E5B1507760600EED88D /* UniBBSAppDelegate.m */,
				F7E6D7B719F558E600EB5AC2 /* Images.xcassets */,
			);
			path = UniBBS;
			sourceTree = "<group>";
		};
		E88A6E521507760600EED88D /* Supporting Files */ = {
			isa = PBXGroup;
			children = (
				F7062E6919E6D15000F61328 /* Hpple */,
				E88A6E531507760600EED88D /* UniBBS-Info.plist */,
				E88A6E541507760600EED88D /* InfoPlist.strings */,
				E88A6E571507760600EED88D /* main.m */,
				E88A6E591507760600EED88D /* UniBBS-Prefix.pch */,
			);
			name = "Supporting Files";
			sourceTree = "<group>";
		};
		E8E5BD7015735062004BE6F9 /* Resources */ = {
			isa = PBXGroup;
			children = (
				6C46686F19EC0B3C006E2A5C /* boards.png */,
				6C46687919EC13A3006E2A5C /* boards@2x.png */,
				6C46687119EC0B3C006E2A5C /* popular.png */,
				6C46687A19EC13A3006E2A5C /* popular@2x.png */,
				6C46687219EC0B3C006E2A5C /* profile.png */,
				6C46687B19EC13A3006E2A5C /* profile@2x.png */,
				6C46687C19EC13A3006E2A5C /* settings.png */,
				6C46687D19EC13A3006E2A5C /* settings@2x.png */,
			);
			name = Resources;
			sourceTree = "<group>";
		};
		E8FE83A915247F5200CC112D /* BBSReaderModel */ = {
			isa = PBXGroup;
			children = (
				E89AA62C15411E6100506BA4 /* Utility.h */,
				E89AA62D15411E6100506BA4 /* Utility.m */,
				E843C4241508E3F700A83C22 /* BBSBoardListExplorer.h */,
				E843C4251508E3F800A83C22 /* BBSBoardListExplorer.m */,
				E8F19F7D150BC81E001008B4 /* BBSBoardReader.h */,
				E8F19F7E150BC81E001008B4 /* BBSBoardReader.m */,
				E843C452150A777800A83C22 /* BBSPopularReader.h */,
				E843C453150A777800A83C22 /* BBSPopularReader.m */,
				E8F19F60150B5DB2001008B4 /* BBSPostReader.h */,
				E8F19F61150B5DB3001008B4 /* BBSPostReader.m */,
				E8F19F5D150B544F001008B4 /* BBSTopicReader.h */,
				E8F19F5E150B544F001008B4 /* BBSTopicReader.m */,
				E86D93BA15273C720037F06D /* BBSFavouritesManager.h */,
				E86D93BB15273C720037F06D /* BBSFavouritesManager.m */,
			);
			name = BBSReaderModel;
			sourceTree = "<group>";
		};
		F7062E6819E6CE4100F61328 /* Utils */ = {
			isa = PBXGroup;
			children = (
				F7062E6119E6CE2C00F61328 /* BDWMAlertMessage.h */,
				F7062E6219E6CE2C00F61328 /* BDWMAlertMessage.m */,
				F7062E6319E6CE2C00F61328 /* BDWMGlobalData.h */,
				F7062E6419E6CE2C00F61328 /* BDWMString.h */,
				F7062E6519E6CE2C00F61328 /* BDWMString.m */,
			);
			name = Utils;
			sourceTree = "<group>";
		};
		F7062E6919E6D15000F61328 /* Hpple */ = {
			isa = PBXGroup;
			children = (
				F7062E6A19E6D19800F61328 /* TFHpple.h */,
				F7062E6B19E6D19800F61328 /* TFHpple.m */,
				F7062E6C19E6D19800F61328 /* TFHppleElement.h */,
				F7062E6D19E6D19800F61328 /* TFHppleElement.m */,
				F7062E6E19E6D19800F61328 /* XPathQuery.h */,
				F7062E6F19E6D19800F61328 /* XPathQuery.m */,
			);
			name = Hpple;
			sourceTree = "<group>";
		};
		F72939AD19EAA22900EA68ED /* UserController */ = {
			isa = PBXGroup;
			children = (
				6CEAAC8819EA82C600C29CA4 /* ProfileViewController.h */,
				6CEAAC8919EA82C600C29CA4 /* ProfileViewController.m */,
				6CEAAC8319E942C600C29CA4 /* LoginViewController.h */,
				6CEAAC8419E942C600C29CA4 /* LoginViewController.m */,
				6CEAAC8519E942C600C29CA4 /* LoginViewController.xib */,
				F785A81619E983140001FB65 /* UserInfoViewController.h */,
				F785A81719E983140001FB65 /* UserInfoViewController.m */,
				F785A81819E983140001FB65 /* UserInfoViewController.xib */,
			);
			name = UserController;
			sourceTree = "<group>";
		};
		F72939AE19EAA27F00EA68ED /* MailController */ = {
			isa = PBXGroup;
			children = (
				F72939AA19EAA21800EA68ED /* MailListViewController.h */,
				F72939AB19EAA21800EA68ED /* MailListViewController.m */,
				F72939B419EAC8A500EA68ED /* MailViewController.h */,
				F72939B519EAC8A500EA68ED /* MailViewController.m */,
				F72939B619EAC8A500EA68ED /* MailViewController.xib */,
				F785A81E19EA16C90001FB65 /* WritingMailViewController.h */,
				F785A81F19EA16C90001FB65 /* WritingMailViewController.m */,
				F785A82019EA16C90001FB65 /* WritingMailViewController.xib */,
			);
			name = MailController;
			sourceTree = "<group>";
		};
		F72939AF19EAA2B800EA68ED /* BoardController */ = {
			isa = PBXGroup;
			children = (
				E88A6E641507760600EED88D /* BoardListViewController.h */,
				E88A6E651507760600EED88D /* BoardListViewController.m */,
				E88A6E821507913E00EED88D /* BoardViewController.h */,
				E88A6E831507913E00EED88D /* BoardViewController.m */,
			);
			name = BoardController;
			sourceTree = "<group>";
		};
		F72939B019EAA2E000EA68ED /* SettingController */ = {
			isa = PBXGroup;
			children = (
				E83179441537BF9900A219E4 /* WebViewController.h */,
				E83179451537BF9900A219E4 /* WebViewController.m */,
				6C4E5FB319F67F5600BB909F /* SettingsViewController.h */,
				6C4E5FB419F67F5600BB909F /* SettingsViewController.m */,
			);
			name = SettingController;
			sourceTree = "<group>";
		};
		F785A80F19E97EC70001FB65 /* Model */ = {
			isa = PBXGroup;
			children = (
				F785A83519EA2C650001FB65 /* BDWMPosting.h */,
				F785A83619EA2C650001FB65 /* BDWMPosting.m */,
				F785A83719EA2C650001FB65 /* BDWMTopic.h */,
				F785A83819EA2C650001FB65 /* BDWMTopic.m */,
				F785A83219EA2C190001FB65 /* BDWMTopicModel.h */,
				F785A83319EA2C190001FB65 /* BDWMTopicModel.m */,
				F785A81019E97F580001FB65 /* AFAppDotNetAPIClient.h */,
				F785A81119E97F580001FB65 /* AFAppDotNetAPIClient.m */,
				F785A81219E97F580001FB65 /* BDWMUserModel.h */,
				F785A81319E97F580001FB65 /* BDWMUserModel.m */,
				F72939B119EAB57A00EA68ED /* MailModel.h */,
				F72939B219EAB57A00EA68ED /* MailModel.m */,
				F7E6D7AF19F3B7B300EB5AC2 /* SettingModel.h */,
				F7E6D7B019F3B7B300EB5AC2 /* SettingModel.m */,
			);
			name = Model;
			sourceTree = "<group>";
		};
/* End PBXGroup section */

/* Begin PBXNativeTarget section */
		E88A6E461507760600EED88D /* UniBBS */ = {
			isa = PBXNativeTarget;
			buildConfigurationList = E88A6E791507760600EED88D /* Build configuration list for PBXNativeTarget "UniBBS" */;
			buildPhases = (
				50CBCB7FA71B2A7BECC66281 /* Check Pods Manifest.lock */,
				E88A6E431507760600EED88D /* Sources */,
				E88A6E441507760600EED88D /* Frameworks */,
				E88A6E451507760600EED88D /* Resources */,
				EFFF2B7D35E67C7C6FA1E90F /* Copy Pods Resources */,
			);
			buildRules = (
			);
			dependencies = (
			);
			name = UniBBS;
			productName = UniBBS;
			productReference = E88A6E471507760600EED88D /* WMBBS.app */;
			productType = "com.apple.product-type.application";
		};
/* End PBXNativeTarget section */

/* Begin PBXProject section */
		E88A6E3E1507760500EED88D /* Project object */ = {
			isa = PBXProject;
			attributes = {
				LastUpgradeCheck = 0600;
				ORGANIZATIONNAME = "Peking University";
				TargetAttributes = {
					E88A6E461507760600EED88D = {
						DevelopmentTeam = RAE237RSGC;
					};
				};
			};
			buildConfigurationList = E88A6E411507760500EED88D /* Build configuration list for PBXProject "UniBBS" */;
			compatibilityVersion = "Xcode 3.2";
			developmentRegion = English;
			hasScannedForEncodings = 0;
			knownRegions = (
				en,
			);
			mainGroup = E88A6E3C1507760500EED88D;
			productRefGroup = E88A6E481507760600EED88D /* Products */;
			projectDirPath = "";
			projectRoot = "";
			targets = (
				E88A6E461507760600EED88D /* UniBBS */,
			);
		};
/* End PBXProject section */

/* Begin PBXResourcesBuildPhase section */
		E88A6E451507760600EED88D /* Resources */ = {
			isa = PBXResourcesBuildPhase;
			buildActionMask = 2147483647;
			files = (
				E88A6E561507760600EED88D /* InfoPlist.strings in Resources */,
				F7E6D7B819F558E600EB5AC2 /* Images.xcassets in Resources */,
				F785A82219EA16C90001FB65 /* WritingMailViewController.xib in Resources */,
				6C46688119EC13A3006E2A5C /* settings.png in Resources */,
				6C46688219EC13A3006E2A5C /* settings@2x.png in Resources */,
				6C46687519EC0B3C006E2A5C /* popular.png in Resources */,
				6C46687319EC0B3C006E2A5C /* boards.png in Resources */,
				6C46687619EC0B3C006E2A5C /* profile.png in Resources */,
				6C46687E19EC13A3006E2A5C /* boards@2x.png in Resources */,
				F785A83119EA2A240001FB65 /* WritingViewController.xib in Resources */,
				6CEAAC8719E942C600C29CA4 /* LoginViewController.xib in Resources */,
				6C46687F19EC13A3006E2A5C /* popular@2x.png in Resources */,
				F785A81A19E983140001FB65 /* UserInfoViewController.xib in Resources */,
				6C46688019EC13A3006E2A5C /* profile@2x.png in Resources */,
				F72939B819EAC8A500EA68ED /* MailViewController.xib in Resources */,
			);
			runOnlyForDeploymentPostprocessing = 0;
		};
/* End PBXResourcesBuildPhase section */

/* Begin PBXShellScriptBuildPhase section */
		50CBCB7FA71B2A7BECC66281 /* Check Pods Manifest.lock */ = {
			isa = PBXShellScriptBuildPhase;
			buildActionMask = 2147483647;
			files = (
			);
			inputPaths = (
			);
			name = "Check Pods Manifest.lock";
			outputPaths = (
			);
			runOnlyForDeploymentPostprocessing = 0;
			shellPath = /bin/sh;
			shellScript = "diff \"${PODS_ROOT}/../Podfile.lock\" \"${PODS_ROOT}/Manifest.lock\" > /dev/null\nif [[ $? != 0 ]] ; then\n    cat << EOM\nerror: The sandbox is not in sync with the Podfile.lock. Run 'pod install' or update your CocoaPods installation.\nEOM\n    exit 1\nfi\n";
			showEnvVarsInLog = 0;
		};
		EFFF2B7D35E67C7C6FA1E90F /* Copy Pods Resources */ = {
			isa = PBXShellScriptBuildPhase;
			buildActionMask = 2147483647;
			files = (
			);
			inputPaths = (
			);
			name = "Copy Pods Resources";
			outputPaths = (
			);
			runOnlyForDeploymentPostprocessing = 0;
			shellPath = /bin/sh;
			shellScript = "\"${SRCROOT}/Pods/Target Support Files/Pods/Pods-resources.sh\"\n";
			showEnvVarsInLog = 0;
		};
/* End PBXShellScriptBuildPhase section */

/* Begin PBXSourcesBuildPhase section */
		E88A6E431507760600EED88D /* Sources */ = {
			isa = PBXSourcesBuildPhase;
			buildActionMask = 2147483647;
			files = (
				F785A81519E97F580001FB65 /* BDWMUserModel.m in Sources */,
				E88A6E581507760600EED88D /* main.m in Sources */,
				E88A6E5C1507760600EED88D /* UniBBSAppDelegate.m in Sources */,
				6CEAAC8619E942C600C29CA4 /* LoginViewController.m in Sources */,
				E88A6E5F1507760600EED88D /* PopularTopicsViewController.m in Sources */,
				F785A81419E97F580001FB65 /* AFAppDotNetAPIClient.m in Sources */,
				E88A6E661507760600EED88D /* BoardListViewController.m in Sources */,
				E88A6E801507882100EED88D /* PostViewController.m in Sources */,
				E88A6E851507913F00EED88D /* BoardViewController.m in Sources */,
				E843C4261508E3F800A83C22 /* BBSBoardListExplorer.m in Sources */,
				F785A82119EA16C90001FB65 /* WritingMailViewController.m in Sources */,
				F785A83A19EA2C650001FB65 /* BDWMTopic.m in Sources */,
				F7062E7119E6D19800F61328 /* TFHppleElement.m in Sources */,
				F72939B319EAB57A00EA68ED /* MailModel.m in Sources */,
				F7062E6619E6CE2C00F61328 /* BDWMAlertMessage.m in Sources */,
				F7062E7219E6D19800F61328 /* XPathQuery.m in Sources */,
				F7062E7019E6D19800F61328 /* TFHpple.m in Sources */,
				E843C454150A777900A83C22 /* BBSPopularReader.m in Sources */,
				F785A83419EA2C190001FB65 /* BDWMTopicModel.m in Sources */,
				E843C457150A790900A83C22 /* TopicViewController.m in Sources */,
				E8F19F58150B2577001008B4 /* FavouritesViewController.m in Sources */,
				E8F19F5F150B544F001008B4 /* BBSTopicReader.m in Sources */,
				E8F19F62150B5DB3001008B4 /* BBSPostReader.m in Sources */,
				F785A83919EA2C650001FB65 /* BDWMPosting.m in Sources */,
				E8F19F7F150BC81F001008B4 /* BBSBoardReader.m in Sources */,
				F785A83019EA2A240001FB65 /* WritingViewController.m in Sources */,
				6C4E5FB519F67F5600BB909F /* SettingsViewController.m in Sources */,
				F72939AC19EAA21800EA68ED /* MailListViewController.m in Sources */,
				6CEAAC8A19EA82C600C29CA4 /* ProfileViewController.m in Sources */,
				E86D93BC15273C720037F06D /* BBSFavouritesManager.m in Sources */,
				E83179461537BF9900A219E4 /* WebViewController.m in Sources */,
				E831794A1537EFF000A219E4 /* AttachmentsViewController.m in Sources */,
				F7E6D7B119F3B7B300EB5AC2 /* SettingModel.m in Sources */,
				E89AA62E15411E6100506BA4 /* Utility.m in Sources */,
				F785A81919E983140001FB65 /* UserInfoViewController.m in Sources */,
				F7062E6719E6CE2C00F61328 /* BDWMString.m in Sources */,
				F72939B719EAC8A500EA68ED /* MailViewController.m in Sources */,
			);
			runOnlyForDeploymentPostprocessing = 0;
		};
/* End PBXSourcesBuildPhase section */

/* Begin PBXVariantGroup section */
		E88A6E541507760600EED88D /* InfoPlist.strings */ = {
			isa = PBXVariantGroup;
			children = (
				E88A6E551507760600EED88D /* en */,
			);
			name = InfoPlist.strings;
			sourceTree = "<group>";
		};
/* End PBXVariantGroup section */

/* Begin XCBuildConfiguration section */
		E88A6E771507760600EED88D /* Debug */ = {
			isa = XCBuildConfiguration;
			buildSettings = {
				ALWAYS_SEARCH_USER_PATHS = NO;
				CLANG_ENABLE_OBJC_ARC = NO;
				CLANG_WARN_BOOL_CONVERSION = YES;
				CLANG_WARN_CONSTANT_CONVERSION = YES;
				CLANG_WARN_EMPTY_BODY = YES;
				CLANG_WARN_ENUM_CONVERSION = YES;
				CLANG_WARN_INT_CONVERSION = YES;
				CLANG_WARN_UNREACHABLE_CODE = YES;
				CLANG_WARN__DUPLICATE_METHOD_MATCH = YES;
				CODE_SIGN_IDENTITY = "iPhone Developer";
				COPY_PHASE_STRIP = NO;
				ENABLE_STRICT_OBJC_MSGSEND = YES;
				GCC_C_LANGUAGE_STANDARD = gnu99;
				GCC_DYNAMIC_NO_PIC = NO;
				GCC_OPTIMIZATION_LEVEL = 0;
				GCC_PREPROCESSOR_DEFINITIONS = (
					"DEBUG=1",
					"$(inherited)",
				);
				GCC_SYMBOLS_PRIVATE_EXTERN = NO;
				GCC_VERSION = com.apple.compilers.llvm.clang.1_0;
				GCC_WARN_64_TO_32_BIT_CONVERSION = YES;
				GCC_WARN_ABOUT_MISSING_PROTOTYPES = YES;
				GCC_WARN_ABOUT_RETURN_TYPE = YES;
				GCC_WARN_UNDECLARED_SELECTOR = YES;
				GCC_WARN_UNINITIALIZED_AUTOS = YES;
				GCC_WARN_UNUSED_FUNCTION = YES;
				GCC_WARN_UNUSED_VARIABLE = YES;
				IPHONEOS_DEPLOYMENT_TARGET = 6.0;
				ONLY_ACTIVE_ARCH = YES;
				PROVISIONING_PROFILE = "";
				SDKROOT = iphoneos;
				TARGETED_DEVICE_FAMILY = "1,2";
			};
			name = Debug;
		};
		E88A6E781507760600EED88D /* Release */ = {
			isa = XCBuildConfiguration;
			buildSettings = {
				ALWAYS_SEARCH_USER_PATHS = NO;
				CLANG_ENABLE_OBJC_ARC = NO;
				CLANG_WARN_BOOL_CONVERSION = YES;
				CLANG_WARN_CONSTANT_CONVERSION = YES;
				CLANG_WARN_EMPTY_BODY = YES;
				CLANG_WARN_ENUM_CONVERSION = YES;
				CLANG_WARN_INT_CONVERSION = YES;
				CLANG_WARN_UNREACHABLE_CODE = YES;
				CLANG_WARN__DUPLICATE_METHOD_MATCH = YES;
				CODE_SIGN_IDENTITY = "iPhone Distribution";
				COPY_PHASE_STRIP = YES;
				ENABLE_STRICT_OBJC_MSGSEND = YES;
				GCC_C_LANGUAGE_STANDARD = gnu99;
				GCC_VERSION = com.apple.compilers.llvm.clang.1_0;
				GCC_WARN_64_TO_32_BIT_CONVERSION = YES;
				GCC_WARN_ABOUT_MISSING_PROTOTYPES = YES;
				GCC_WARN_ABOUT_RETURN_TYPE = YES;
				GCC_WARN_UNDECLARED_SELECTOR = YES;
				GCC_WARN_UNINITIALIZED_AUTOS = YES;
				GCC_WARN_UNUSED_FUNCTION = YES;
				GCC_WARN_UNUSED_VARIABLE = YES;
				IPHONEOS_DEPLOYMENT_TARGET = 6.0;
				OTHER_CFLAGS = "-DNS_BLOCK_ASSERTIONS=1";
				PROVISIONING_PROFILE = "";
				SDKROOT = iphoneos;
				TARGETED_DEVICE_FAMILY = "1,2";
				VALIDATE_PRODUCT = YES;
			};
			name = Release;
		};
		E88A6E7A1507760600EED88D /* Debug */ = {
			isa = XCBuildConfiguration;
			baseConfigurationReference = 719A31F362C4F2C25201F727 /* Pods.debug.xcconfig */;
			buildSettings = {
				ASSETCATALOG_COMPILER_APPICON_NAME = AppIcon;
				ASSETCATALOG_COMPILER_LAUNCHIMAGE_NAME = LaunchImage;
				CLANG_ENABLE_OBJC_ARC = NO;
				CODE_SIGN_IDENTITY = "iPhone Developer";
				"CODE_SIGN_IDENTITY[sdk=iphoneos*]" = "iPhone Developer";
				GCC_PRECOMPILE_PREFIX_HEADER = YES;
				GCC_PREFIX_HEADER = "UniBBS/UniBBS-Prefix.pch";
				HEADER_SEARCH_PATHS = (
					"$(inherited)",
					/Applications/Xcode.app/Contents/Developer/Toolchains/XcodeDefault.xctoolchain/usr/include,
					"$(SDKROOT)/usr/include/libxml2",
				);
				INFOPLIST_FILE = "UniBBS/UniBBS-Info.plist";
				IPHONEOS_DEPLOYMENT_TARGET = 6.0;
				PRODUCT_NAME = WMBBS;
				PROVISIONING_PROFILE = "";
				SDKROOT = iphoneos;
				WRAPPER_EXTENSION = app;
			};
			name = Debug;
		};
		E88A6E7B1507760600EED88D /* Release */ = {
			isa = XCBuildConfiguration;
			baseConfigurationReference = B79CD6A25DDCA0A1365EC6E0 /* Pods.release.xcconfig */;
			buildSettings = {
				ASSETCATALOG_COMPILER_APPICON_NAME = AppIcon;
				ASSETCATALOG_COMPILER_LAUNCHIMAGE_NAME = LaunchImage;
				CLANG_ENABLE_OBJC_ARC = NO;
				CODE_SIGN_IDENTITY = "iPhone Developer";
				"CODE_SIGN_IDENTITY[sdk=iphoneos*]" = "iPhone Developer";
				GCC_PRECOMPILE_PREFIX_HEADER = YES;
				GCC_PREFIX_HEADER = "UniBBS/UniBBS-Prefix.pch";
				HEADER_SEARCH_PATHS = (
					"$(inherited)",
					/Applications/Xcode.app/Contents/Developer/Toolchains/XcodeDefault.xctoolchain/usr/include,
					"$(SDKROOT)/usr/include/libxml2",
				);
				INFOPLIST_FILE = "UniBBS/UniBBS-Info.plist";
				IPHONEOS_DEPLOYMENT_TARGET = 6.0;
				PRODUCT_NAME = WMBBS;
				PROVISIONING_PROFILE = "";
				SDKROOT = iphoneos;
				WRAPPER_EXTENSION = app;
			};
			name = Release;
		};
/* End XCBuildConfiguration section */

/* Begin XCConfigurationList section */
		E88A6E411507760500EED88D /* Build configuration list for PBXProject "UniBBS" */ = {
			isa = XCConfigurationList;
			buildConfigurations = (
				E88A6E771507760600EED88D /* Debug */,
				E88A6E781507760600EED88D /* Release */,
			);
			defaultConfigurationIsVisible = 0;
			defaultConfigurationName = Release;
		};
		E88A6E791507760600EED88D /* Build configuration list for PBXNativeTarget "UniBBS" */ = {
			isa = XCConfigurationList;
			buildConfigurations = (
				E88A6E7A1507760600EED88D /* Debug */,
				E88A6E7B1507760600EED88D /* Release */,
			);
			defaultConfigurationIsVisible = 0;
			defaultConfigurationName = Release;
		};
/* End XCConfigurationList section */
	};
	rootObject = E88A6E3E1507760500EED88D /* Project object */;
}
